
Microsoft Visual Studio Solution File, Format Version 11.00
# Visual Studio 2010
Project("{FAE04EC0-301F-11D3-BF4B-00C04F79EFBC}") = "Assembly-CSharp", "Assembly-CSharp.csproj", "{ed706373-4c6d-eeb5-1e94-4a4bd88554a0}"
EndProject
Project("{FAE04EC0-301F-11D3-BF4B-00C04F79EFBC}") = "Assembly-CSharp-Editor", "Assembly-CSharp-Editor.csproj", "{8c6b2da0-bc00-c9dc-4af9-6584542d903c}"
EndProject
Global
	GlobalSection(SolutionConfigurationPlatforms) = preSolution
		Debug|Any CPU = Debug|Any CPU
		Release|Any CPU = Release|Any CPU
	EndGlobalSection
	GlobalSection(ProjectConfigurationPlatforms) = postSolution
		{ed706373-4c6d-eeb5-1e94-4a4bd88554a0}.Debug|Any CPU.ActiveCfg = Debug|Any CPU
		{ed706373-4c6d-eeb5-1e94-4a4bd88554a0}.Debug|Any CPU.Build.0 = Debug|Any CPU
		{ed706373-4c6d-eeb5-1e94-4a4bd88554a0}.Release|Any CPU.ActiveCfg = Release|Any CPU
		{ed706373-4c6d-eeb5-1e94-4a4bd88554a0}.Release|Any CPU.Build.0 = Release|Any CPU
		{8c6b2da0-bc00-c9dc-4af9-6584542d903c}.Debug|Any CPU.ActiveCfg = Debug|Any CPU
		{8c6b2da0-bc00-c9dc-4af9-6584542d903c}.Debug|Any CPU.Build.0 = Debug|Any CPU
		{8c6b2da0-bc00-c9dc-4af9-6584542d903c}.Release|Any CPU.ActiveCfg = Release|Any CPU
		{8c6b2da0-bc00-c9dc-4af9-6584542d903c}.Release|Any CPU.Build.0 = Release|Any CPU
	EndGlobalSection
	GlobalSection(SolutionProperties) = preSolution
		HideSolutionNode = FALSE
	EndGlobalSection
EndGlobal
